
Microsoft Visual Studio Solution File, Format Version 12.00
# Visual Studio Version 16
VisualStudioVersion = 16.0.33214.272
MinimumVisualStudioVersion = 10.0.40219.1
Project("{FAE04EC0-301F-11D3-BF4B-00C04F79EFBC}") = "LandscapeArchitectsApplication", "LandscapeArchitectsApplication.csproj", "{9772CAF9-22CD-4EE7-AC16-C002755AE89D}"
EndProject
Global
	GlobalSection(SolutionConfigurationPlatforms) = preSolution
		Debug|Any CPU = Debug|Any CPU
		Release|Any CPU = Release|Any CPU
	EndGlobalSection
	GlobalSection(ProjectConfigurationPlatforms) = postSolution
		{9772CAF9-22CD-4EE7-AC16-C002755AE89D}.Debug|Any CPU.ActiveCfg = Debug|Any CPU
		{9772CAF9-22CD-4EE7-AC16-C002755AE89D}.Debug|Any CPU.Build.0 = Debug|Any CPU
		{9772CAF9-22CD-4EE7-AC16-C002755AE89D}.Release|Any CPU.ActiveCfg = Release|Any CPU
		{9772CAF9-22CD-4EE7-AC16-C002755AE89D}.Release|Any CPU.Build.0 = Release|Any CPU
	EndGlobalSection
	GlobalSection(SolutionProperties) = preSolution
		HideSolutionNode = FALSE
	EndGlobalSection
	GlobalSection(ExtensibilityGlobals) = postSolution
		SolutionGuid = {92B783B5-F07D-4106-A043-684CBCEDE8FA}
	EndGlobalSection
EndGlobal
